<?xml version="1.0" encoding="utf-8"?>
<Project ToolsVersion="4.0" xmlns="http://schemas.microsoft.com/developer/msbuild/2003">
  <ItemGroup>
    <Filter Include="Source Files">
      <UniqueIdentifier>{4FC737F1-C7A5-4376-A066-2A32D752A2FF}</UniqueIdentifier>
      <Extensions>cpp;c;cc;cxx;def;odl;idl;hpj;bat;asm;asmx</Extensions>
    </Filter>
    <Filter Include="Header Files">
      <UniqueIdentifier>{93995380-89BD-4b04-88EB-625FBE52EBFB}</UniqueIdentifier>
      <Extensions>h;hh;hpp;hxx;hm;inl;inc;xsd</Extensions>
    </Filter>
    <Filter Include="Resource Files">
      <UniqueIdentifier>{67DA6AB6-F800-4c08-8B7A-83BB121AAD01}</UniqueIdentifier>
      <Extensions>rc;ico;cur;bmp;dlg;rc2;rct;bin;rgs;gif;jpg;jpeg;jpe;resx;tiff;tif;png;wav;mfcribbon-ms</Extensions>
    </Filter>
  </ItemGroup>
  <ItemGroup>
    <Text Include="ReadMe.txt" />
  </ItemGroup>
  <ItemGroup>
    <ClInclude Include="include\stdafx.h">
      <Filter>Header Files</Filter>
    </ClInclude>
    <ClInclude Include="include\targetver.h">
      <Filter>Header Files</Filter>
    </ClInclude>
    <ClInclude Include="include\Polygons\Polygon2.h">
      <Filter>Header Files</Filter>
    </ClInclude>
    <ClInclude Include="include\ConvexHull\ConvexHull2.h">
      <Filter>Header Files</Filter>
    </ClInclude>
    <ClInclude Include="include\Primatives\Point2.h">
      <Filter>Header Files</Filter>
    </ClInclude>
    <ClInclude Include="include\Polygons\PolygonPartition2.h">
      <Filter>Header Files</Filter>
    </ClInclude>
    <ClInclude Include="include\Polygons\PolygonSimplify2.h">
      <Filter>Header Files</Filter>
    </ClInclude>
    <ClInclude Include="include\Polygons\PolygonSkeleton2.h">
      <Filter>Header Files</Filter>
    </ClInclude>
    <ClInclude Include="include\Polygons\PolygonBoolean2.h">
      <Filter>Header Files</Filter>
    </ClInclude>
    <ClInclude Include="include\Triangulation\ConstraintedTriangulation2.h">
      <Filter>Header Files</Filter>
    </ClInclude>
    <ClInclude Include="include\Polygons\PolygonIntersection2.h">
      <Filter>Header Files</Filter>
    </ClInclude>
    <ClInclude Include="include\Descriptors\MeshDescriptor.h">
      <Filter>Header Files</Filter>
    </ClInclude>
    <ClInclude Include="include\Descriptors\TriangleIndex.h">
      <Filter>Header Files</Filter>
    </ClInclude>
    <ClInclude Include="include\Descriptors\EdgeIndex.h">
      <Filter>Header Files</Filter>
    </ClInclude>
    <ClInclude Include="include\MeshGeneration\ConformingTriangulation2.h">
      <Filter>Header Files</Filter>
    </ClInclude>
    <ClInclude Include="include\DelaunayFaces\Delaunay_face_with_id_2 .h">
      <Filter>Header Files</Filter>
    </ClInclude>
    <ClInclude Include="include\Polygons\MinkowskiSums2.h">
      <Filter>Header Files</Filter>
    </ClInclude>
    <ClInclude Include="include\Descriptors\EdgeConnection.h">
      <Filter>Header Files</Filter>
    </ClInclude>
  </ItemGroup>
  <ItemGroup>
    <ClCompile Include="src\dllmain.cpp">
      <Filter>Source Files</Filter>
    </ClCompile>
    <ClCompile Include="src\stdafx.cpp">
      <Filter>Source Files</Filter>
    </ClCompile>
    <ClCompile Include="src\ConvexHull\ConvexHull2.cpp">
      <Filter>Source Files</Filter>
    </ClCompile>
    <ClCompile Include="src\Primatives\Point2.cpp">
      <Filter>Source Files</Filter>
    </ClCompile>
    <ClCompile Include="src\Polygons\Polygon2.cpp">
      <Filter>Source Files</Filter>
    </ClCompile>
    <ClCompile Include="src\Polygons\PolygonPartition2.cpp">
      <Filter>Source Files</Filter>
    </ClCompile>
    <ClCompile Include="src\Polygons\PolygonSimplify2.cpp">
      <Filter>Source Files</Filter>
    </ClCompile>
    <ClCompile Include="src\Polygons\PolygonSkeleton2.cpp">
      <Filter>Source Files</Filter>
    </ClCompile>
    <ClCompile Include="src\Polygons\PolygonBoolean2.cpp">
      <Filter>Source Files</Filter>
    </ClCompile>
    <ClCompile Include="src\Triangulation\ConstraintedTriangulation2.cpp">
      <Filter>Source Files</Filter>
    </ClCompile>
    <ClCompile Include="src\Polygons\PolygonIntersection2.cpp">
      <Filter>Source Files</Filter>
    </ClCompile>
    <ClCompile Include="src\MeshGeneration\ConformingTriangulation2.cpp">
      <Filter>Source Files</Filter>
    </ClCompile>
    <ClCompile Include="src\Polygons\MinkowskiSums2.cpp">
      <Filter>Source Files</Filter>
    </ClCompile>
  </ItemGroup>
</Project>